<?xml version="1.0" encoding="utf-8"?>
<Project ToolsVersion="4.0" xmlns="http://schemas.microsoft.com/developer/msbuild/2003">
  <ItemGroup>
    <Filter Include="Source Files">
      <UniqueIdentifier>{5d3ddc11-1bc5-4c36-a56e-7c0592de727a}</UniqueIdentifier>
      <Extensions>cpp;c;cxx;rc;def;r;odl;idl;hpj;bat</Extensions>
    </Filter>
    <Filter Include="Header Files">
      <UniqueIdentifier>{91808de8-7fb2-4642-aa0f-a76b0fb36236}</UniqueIdentifier>
      <Extensions>h;hpp;hxx;hm;inl</Extensions>
    </Filter>
  </ItemGroup>
  <ItemGroup>
    <None Include="..\CREDITS">
      <Filter>Source Files</Filter>
    </None>
  </ItemGroup>
  <ItemGroup>
    <ClCompile Include="..\qb.c">
      <Filter>Source Files</Filter>
    </ClCompile>
    <ClCompile Include="..\qb_build.c">
      <Filter>Source Files</Filter>
    </ClCompile>
    <ClCompile Include="..\qb_compat.c">
      <Filter>Source Files</Filter>
    </ClCompile>
    <ClCompile Include="..\qb_compat_snprintf.c">
      <Filter>Source Files</Filter>
    </ClCompile>
    <ClCompile Include="..\qb_compiler.c">
      <Filter>Source Files</Filter>
    </ClCompile>
    <ClCompile Include="..\qb_compiler_optimization.c">
      <Filter>Source Files</Filter>
    </ClCompile>
    <ClCompile Include="..\qb_crc64.c">
      <Filter>Source Files</Filter>
    </ClCompile>
    <ClCompile Include="..\qb_data_tables_msvc.c">
      <Filter>Source Files</Filter>
    </ClCompile>
    <ClCompile Include="..\qb_encoder.c">
      <Filter>Source Files</Filter>
    </ClCompile>
    <ClCompile Include="..\qb_extractor.c">
      <Filter>Source Files</Filter>
    </ClCompile>
    <ClCompile Include="..\qb_function_inliner.c">
      <Filter>Source Files</Filter>
    </ClCompile>
    <ClCompile Include="..\qb_interpreter.c">
      <Filter>Source Files</Filter>
    </ClCompile>
    <ClCompile Include="..\qb_interpreter_functions_msvc.c">
      <Filter>Source Files</Filter>
    </ClCompile>
    <ClCompile Include="..\qb_interpreter_loop_msvc.c">
      <Filter>Source Files</Filter>
    </ClCompile>
    <ClCompile Include="..\qb_native_compiler.c">
      <Filter>Source Files</Filter>
    </ClCompile>
    <ClCompile Include="..\qb_native_proc_debug.c">
      <Filter>Source Files</Filter>
    </ClCompile>
    <ClCompile Include="..\qb_op.c">
      <Filter>Source Files</Filter>
    </ClCompile>
    <ClCompile Include="..\qb_op_factories.c">
      <Filter>Source Files</Filter>
    </ClCompile>
    <ClCompile Include="..\qb_op_factory_decomposition.c">
      <Filter>Source Files</Filter>
    </ClCompile>
    <ClCompile Include="..\qb_op_factory_dimension_calculation.c">
      <Filter>Source Files</Filter>
    </ClCompile>
    <ClCompile Include="..\qb_op_factory_opcode_selection.c">
      <Filter>Source Files</Filter>
    </ClCompile>
    <ClCompile Include="..\qb_op_factory_operand_coercion.c">
      <Filter>Source Files</Filter>
    </ClCompile>
    <ClCompile Include="..\qb_op_factory_operand_transfer.c">
      <Filter>Source Files</Filter>
    </ClCompile>
    <ClCompile Include="..\qb_op_factory_operand_validation.c">
      <Filter>Source Files</Filter>
    </ClCompile>
    <ClCompile Include="..\qb_op_factory_result_assignment.c">
      <Filter>Source Files</Filter>
    </ClCompile>
    <ClCompile Include="..\qb_op_factory_result_linkage.c">
      <Filter>Source Files</Filter>
    </ClCompile>
    <ClCompile Include="..\qb_op_factory_type_resolution.c">
      <Filter>Source Files</Filter>
    </ClCompile>
    <ClCompile Include="..\qb_parser.c">
      <Filter>Source Files</Filter>
    </ClCompile>
    <ClCompile Include="..\qb_printer.c">
      <Filter>Source Files</Filter>
    </ClCompile>
    <ClCompile Include="..\qb_storage.c">
      <Filter>Source Files</Filter>
    </ClCompile>
    <ClCompile Include="..\qb_storage_file.c">
      <Filter>Source Files</Filter>
    </ClCompile>
    <ClCompile Include="..\qb_storage_gd_image.c">
      <Filter>Source Files</Filter>
    </ClCompile>
    <ClCompile Include="..\qb_thread.c">
      <Filter>Source Files</Filter>
    </ClCompile>
    <ClCompile Include="..\qb_translator_pbj.c">
      <Filter>Source Files</Filter>
    </ClCompile>
    <ClCompile Include="..\qb_translator_php.c">
      <Filter>Source Files</Filter>
    </ClCompile>
    <ClCompile Include="..\qb_types.c">
      <Filter>Source Files</Filter>
    </ClCompile>
  </ItemGroup>
  <ItemGroup>
    <ClInclude Include="..\php_qb.h">
      <Filter>Header Files</Filter>
    </ClInclude>
    <ClInclude Include="..\qb.h">
      <Filter>Header Files</Filter>
    </ClInclude>
    <ClInclude Include="..\qb_build.h">
      <Filter>Header Files</Filter>
    </ClInclude>
    <ClInclude Include="..\qb_compat.h">
      <Filter>Header Files</Filter>
    </ClInclude>
    <ClInclude Include="..\qb_compiler.h">
      <Filter>Header Files</Filter>
    </ClInclude>
    <ClInclude Include="..\qb_encoder.h">
      <Filter>Header Files</Filter>
    </ClInclude>
    <ClInclude Include="..\qb_extractor.h">
      <Filter>Header Files</Filter>
    </ClInclude>
    <ClInclude Include="..\qb_function.h">
      <Filter>Header Files</Filter>
    </ClInclude>
    <ClInclude Include="..\qb_function_inliner.h">
      <Filter>Header Files</Filter>
    </ClInclude>
    <ClInclude Include="..\qb_interpreter.h">
      <Filter>Header Files</Filter>
    </ClInclude>
    <ClInclude Include="..\qb_interpreter_msvc.h">
      <Filter>Header Files</Filter>
    </ClInclude>
    <ClInclude Include="..\qb_native_compiler.h">
      <Filter>Header Files</Filter>
    </ClInclude>
    <ClInclude Include="..\qb_op.h">
      <Filter>Header Files</Filter>
    </ClInclude>
    <ClInclude Include="..\qb_op_factories.h">
      <Filter>Header Files</Filter>
    </ClInclude>
    <ClInclude Include="..\qb_opcodes.h">
      <Filter>Header Files</Filter>
    </ClInclude>
    <ClInclude Include="..\qb_parser.h">
      <Filter>Header Files</Filter>
    </ClInclude>
    <ClInclude Include="..\qb_printer.h">
      <Filter>Header Files</Filter>
    </ClInclude>
    <ClInclude Include="..\qb_storage.h">
      <Filter>Header Files</Filter>
    </ClInclude>
    <ClInclude Include="..\qb_thread.h">
      <Filter>Header Files</Filter>
    </ClInclude>
    <ClInclude Include="..\qb_translator_pbj.h">
      <Filter>Header Files</Filter>
    </ClInclude>
    <ClInclude Include="..\qb_translator_php.h">
      <Filter>Header Files</Filter>
    </ClInclude>
    <ClInclude Include="..\qb_types.h">
      <Filter>Header Files</Filter>
    </ClInclude>
    <ClInclude Include="..\qb_version.h">
      <Filter>Header Files</Filter>
    </ClInclude>
  </ItemGroup>
</Project>